
Microsoft Visual Studio Solution File, Format Version 12.00
# Visual Studio Version 16
VisualStudioVersion = 16.0.31019.35
MinimumVisualStudioVersion = 10.0.40219.1
Project("{FAE04EC0-301F-11D3-BF4B-00C04F79EFBC}") = "SpecFlowPrac", "SpecFlowPrac\SpecFlowPrac.csproj", "{4BA42C63-5072-48A9-952B-8FEE0D22BDFC}"
EndProject
Global
	GlobalSection(SolutionConfigurationPlatforms) = preSolution
		Debug|Any CPU = Debug|Any CPU
		Release|Any CPU = Release|Any CPU
	EndGlobalSection
	GlobalSection(ProjectConfigurationPlatforms) = postSolution
		{4BA42C63-5072-48A9-952B-8FEE0D22BDFC}.Debug|Any CPU.ActiveCfg = Debug|Any CPU
		{4BA42C63-5072-48A9-952B-8FEE0D22BDFC}.Debug|Any CPU.Build.0 = Debug|Any CPU
		{4BA42C63-5072-48A9-952B-8FEE0D22BDFC}.Release|Any CPU.ActiveCfg = Release|Any CPU
		{4BA42C63-5072-48A9-952B-8FEE0D22BDFC}.Release|Any CPU.Build.0 = Release|Any CPU
	EndGlobalSection
	GlobalSection(SolutionProperties) = preSolution
		HideSolutionNode = FALSE
	EndGlobalSection
	GlobalSection(ExtensibilityGlobals) = postSolution
		SolutionGuid = {7266AF62-EEFA-492B-8D26-9053D037B37C}
	EndGlobalSection
EndGlobal
